
Microsoft Visual Studio Solution File, Format Version 11.00
# Visual Studio 2010
Project("{8BC9CEB8-8B4A-11D0-8D11-00A0C91BC942}") = "CabbageCore", "CabbageCore\CabbageCore.vcxproj", "{C0397D79-C283-45CD-B54E-CA0234CAA8EF}"
EndProject
Project("{8BC9CEB8-8B4A-11D0-8D11-00A0C91BC942}") = "CabbageScene", "CabbageScene\CabbageScene.vcxproj", "{8389DE31-B188-40BA-983F-D0BB58DDB9FB}"
	ProjectSection(ProjectDependencies) = postProject
		{C0397D79-C283-45CD-B54E-CA0234CAA8EF} = {C0397D79-C283-45CD-B54E-CA0234CAA8EF}
	EndProjectSection
EndProject
Project("{8BC9CEB8-8B4A-11D0-8D11-00A0C91BC942}") = "MeshLoaderDemo", "MeshLoaderDemo\MeshLoaderDemo.vcxproj", "{4AC7CEE1-BB0E-4A5A-AE62-26A4C3043D56}"
	ProjectSection(ProjectDependencies) = postProject
		{8389DE31-B188-40BA-983F-D0BB58DDB9FB} = {8389DE31-B188-40BA-983F-D0BB58DDB9FB}
		{C0397D79-C283-45CD-B54E-CA0234CAA8EF} = {C0397D79-C283-45CD-B54E-CA0234CAA8EF}
	EndProjectSection
EndProject
Project("{2150E333-8FDC-42A3-9474-1A3956D46DE8}") = "Solution Items", "Solution Items", "{BB29EC0A-4703-4E49-906A-2F40D35A07FF}"
	ProjectSection(SolutionItems) = preProject
		Makefile = Makefile
	EndProjectSection
EndProject
Project("{8BC9CEB8-8B4A-11D0-8D11-00A0C91BC942}") = "CabbageCollider", "CabbageCollider\CabbageCollider.vcxproj", "{10A797C8-94C1-4EA0-89FF-7E03C5943D82}"
	ProjectSection(ProjectDependencies) = postProject
		{C0397D79-C283-45CD-B54E-CA0234CAA8EF} = {C0397D79-C283-45CD-B54E-CA0234CAA8EF}
	EndProjectSection
EndProject
Project("{8BC9CEB8-8B4A-11D0-8D11-00A0C91BC942}") = "CabbageColliderDemo", "CabbageColliderDemo\CabbageColliderDemo.vcxproj", "{DC431D05-0BEE-43B9-BEC1-F618DFE9F802}"
	ProjectSection(ProjectDependencies) = postProject
		{8389DE31-B188-40BA-983F-D0BB58DDB9FB} = {8389DE31-B188-40BA-983F-D0BB58DDB9FB}
		{C0397D79-C283-45CD-B54E-CA0234CAA8EF} = {C0397D79-C283-45CD-B54E-CA0234CAA8EF}
		{10A797C8-94C1-4EA0-89FF-7E03C5943D82} = {10A797C8-94C1-4EA0-89FF-7E03C5943D82}
	EndProjectSection
EndProject
Project("{8BC9CEB8-8B4A-11D0-8D11-00A0C91BC942}") = "base", "base\base.vcxproj", "{B6C46405-DF2B-4D2A-A760-19ED448B8E41}"
	ProjectSection(ProjectDependencies) = postProject
		{8389DE31-B188-40BA-983F-D0BB58DDB9FB} = {8389DE31-B188-40BA-983F-D0BB58DDB9FB}
		{C0397D79-C283-45CD-B54E-CA0234CAA8EF} = {C0397D79-C283-45CD-B54E-CA0234CAA8EF}
		{10A797C8-94C1-4EA0-89FF-7E03C5943D82} = {10A797C8-94C1-4EA0-89FF-7E03C5943D82}
	EndProjectSection
EndProject
Project("{8BC9CEB8-8B4A-11D0-8D11-00A0C91BC942}") = "CabbageFramework", "CabbageFramework\CabbageFramework.vcxproj", "{C8987DB4-983C-4801-BBBE-072704FAF615}"
EndProject
Project("{8BC9CEB8-8B4A-11D0-8D11-00A0C91BC942}") = "Test Sandbox", "Test Sandbox\Test Sandbox.vcxproj", "{A67571C4-6961-4BF2-94FF-1B2832CF6EEB}"
	ProjectSection(ProjectDependencies) = postProject
		{8389DE31-B188-40BA-983F-D0BB58DDB9FB} = {8389DE31-B188-40BA-983F-D0BB58DDB9FB}
		{C0397D79-C283-45CD-B54E-CA0234CAA8EF} = {C0397D79-C283-45CD-B54E-CA0234CAA8EF}
		{C8987DB4-983C-4801-BBBE-072704FAF615} = {C8987DB4-983C-4801-BBBE-072704FAF615}
		{10A797C8-94C1-4EA0-89FF-7E03C5943D82} = {10A797C8-94C1-4EA0-89FF-7E03C5943D82}
	EndProjectSection
EndProject
Project("{8BC9CEB8-8B4A-11D0-8D11-00A0C91BC942}") = "CabbageWorldEditor", "CabbageWorldEditor\CabbageWorldEditor.vcxproj", "{00DFEEFB-24BB-46E3-867B-1A7253833D27}"
	ProjectSection(ProjectDependencies) = postProject
		{8389DE31-B188-40BA-983F-D0BB58DDB9FB} = {8389DE31-B188-40BA-983F-D0BB58DDB9FB}
		{C0397D79-C283-45CD-B54E-CA0234CAA8EF} = {C0397D79-C283-45CD-B54E-CA0234CAA8EF}
		{C8987DB4-983C-4801-BBBE-072704FAF615} = {C8987DB4-983C-4801-BBBE-072704FAF615}
	EndProjectSection
EndProject
Project("{8BC9CEB8-8B4A-11D0-8D11-00A0C91BC942}") = "MainMenu", "MainMenu\MainMenu.vcxproj", "{800235DE-56A5-4E0F-82CF-4B3E25B2556C}"
	ProjectSection(ProjectDependencies) = postProject
		{8389DE31-B188-40BA-983F-D0BB58DDB9FB} = {8389DE31-B188-40BA-983F-D0BB58DDB9FB}
		{C0397D79-C283-45CD-B54E-CA0234CAA8EF} = {C0397D79-C283-45CD-B54E-CA0234CAA8EF}
		{C8987DB4-983C-4801-BBBE-072704FAF615} = {C8987DB4-983C-4801-BBBE-072704FAF615}
	EndProjectSection
EndProject
Global
	GlobalSection(SolutionConfigurationPlatforms) = preSolution
		Debug|Win32 = Debug|Win32
		Release|Win32 = Release|Win32
	EndGlobalSection
	GlobalSection(ProjectConfigurationPlatforms) = postSolution
		{C0397D79-C283-45CD-B54E-CA0234CAA8EF}.Debug|Win32.ActiveCfg = Debug|Win32
		{C0397D79-C283-45CD-B54E-CA0234CAA8EF}.Debug|Win32.Build.0 = Debug|Win32
		{C0397D79-C283-45CD-B54E-CA0234CAA8EF}.Release|Win32.ActiveCfg = Release|Win32
		{C0397D79-C283-45CD-B54E-CA0234CAA8EF}.Release|Win32.Build.0 = Release|Win32
		{8389DE31-B188-40BA-983F-D0BB58DDB9FB}.Debug|Win32.ActiveCfg = Debug|Win32
		{8389DE31-B188-40BA-983F-D0BB58DDB9FB}.Debug|Win32.Build.0 = Debug|Win32
		{8389DE31-B188-40BA-983F-D0BB58DDB9FB}.Release|Win32.ActiveCfg = Release|Win32
		{8389DE31-B188-40BA-983F-D0BB58DDB9FB}.Release|Win32.Build.0 = Release|Win32
		{4AC7CEE1-BB0E-4A5A-AE62-26A4C3043D56}.Debug|Win32.ActiveCfg = Debug|Win32
		{4AC7CEE1-BB0E-4A5A-AE62-26A4C3043D56}.Debug|Win32.Build.0 = Debug|Win32
		{4AC7CEE1-BB0E-4A5A-AE62-26A4C3043D56}.Release|Win32.ActiveCfg = Release|Win32
		{4AC7CEE1-BB0E-4A5A-AE62-26A4C3043D56}.Release|Win32.Build.0 = Release|Win32
		{10A797C8-94C1-4EA0-89FF-7E03C5943D82}.Debug|Win32.ActiveCfg = Debug|Win32
		{10A797C8-94C1-4EA0-89FF-7E03C5943D82}.Debug|Win32.Build.0 = Debug|Win32
		{10A797C8-94C1-4EA0-89FF-7E03C5943D82}.Release|Win32.ActiveCfg = Release|Win32
		{10A797C8-94C1-4EA0-89FF-7E03C5943D82}.Release|Win32.Build.0 = Release|Win32
		{DC431D05-0BEE-43B9-BEC1-F618DFE9F802}.Debug|Win32.ActiveCfg = Debug|Win32
		{DC431D05-0BEE-43B9-BEC1-F618DFE9F802}.Debug|Win32.Build.0 = Debug|Win32
		{DC431D05-0BEE-43B9-BEC1-F618DFE9F802}.Release|Win32.ActiveCfg = Release|Win32
		{DC431D05-0BEE-43B9-BEC1-F618DFE9F802}.Release|Win32.Build.0 = Release|Win32
		{B6C46405-DF2B-4D2A-A760-19ED448B8E41}.Debug|Win32.ActiveCfg = Debug|Win32
		{B6C46405-DF2B-4D2A-A760-19ED448B8E41}.Debug|Win32.Build.0 = Debug|Win32
		{B6C46405-DF2B-4D2A-A760-19ED448B8E41}.Release|Win32.ActiveCfg = Release|Win32
		{B6C46405-DF2B-4D2A-A760-19ED448B8E41}.Release|Win32.Build.0 = Release|Win32
		{C8987DB4-983C-4801-BBBE-072704FAF615}.Debug|Win32.ActiveCfg = Debug|Win32
		{C8987DB4-983C-4801-BBBE-072704FAF615}.Debug|Win32.Build.0 = Debug|Win32
		{C8987DB4-983C-4801-BBBE-072704FAF615}.Release|Win32.ActiveCfg = Release|Win32
		{C8987DB4-983C-4801-BBBE-072704FAF615}.Release|Win32.Build.0 = Release|Win32
		{A67571C4-6961-4BF2-94FF-1B2832CF6EEB}.Debug|Win32.ActiveCfg = Debug|Win32
		{A67571C4-6961-4BF2-94FF-1B2832CF6EEB}.Debug|Win32.Build.0 = Debug|Win32
		{A67571C4-6961-4BF2-94FF-1B2832CF6EEB}.Release|Win32.ActiveCfg = Release|Win32
		{A67571C4-6961-4BF2-94FF-1B2832CF6EEB}.Release|Win32.Build.0 = Release|Win32
		{00DFEEFB-24BB-46E3-867B-1A7253833D27}.Debug|Win32.ActiveCfg = Debug|Win32
		{00DFEEFB-24BB-46E3-867B-1A7253833D27}.Debug|Win32.Build.0 = Debug|Win32
		{00DFEEFB-24BB-46E3-867B-1A7253833D27}.Release|Win32.ActiveCfg = Release|Win32
		{00DFEEFB-24BB-46E3-867B-1A7253833D27}.Release|Win32.Build.0 = Release|Win32
		{800235DE-56A5-4E0F-82CF-4B3E25B2556C}.Debug|Win32.ActiveCfg = Debug|Win32
		{800235DE-56A5-4E0F-82CF-4B3E25B2556C}.Debug|Win32.Build.0 = Debug|Win32
		{800235DE-56A5-4E0F-82CF-4B3E25B2556C}.Release|Win32.ActiveCfg = Release|Win32
		{800235DE-56A5-4E0F-82CF-4B3E25B2556C}.Release|Win32.Build.0 = Release|Win32
	EndGlobalSection
	GlobalSection(SolutionProperties) = preSolution
		HideSolutionNode = FALSE
	EndGlobalSection
EndGlobal
