
Microsoft Visual Studio Solution File, Format Version 11.00
# Visual Studio 2010
Project("{8BC9CEB8-8B4A-11D0-8D11-00A0C91BC942}") = "CabbageCore", "CabbageCore\CabbageCore.vcxproj", "{C0397D79-C283-45CD-B54E-CA0234CAA8EF}"
EndProject
Project("{8BC9CEB8-8B4A-11D0-8D11-00A0C91BC942}") = "CabbageScene", "CabbageScene\CabbageScene.vcxproj", "{8389DE31-B188-40BA-983F-D0BB58DDB9FB}"
EndProject
Project("{2150E333-8FDC-42A3-9474-1A3956D46DE8}") = "Build", "Build", "{BB29EC0A-4703-4E49-906A-2F40D35A07FF}"
	ProjectSection(SolutionItems) = preProject
		Makefile = Makefile
	EndProjectSection
EndProject
Project("{8BC9CEB8-8B4A-11D0-8D11-00A0C91BC942}") = "CabbageCollider", "CabbageCollider\CabbageCollider.vcxproj", "{10A797C8-94C1-4EA0-89FF-7E03C5943D82}"
EndProject
Project("{8BC9CEB8-8B4A-11D0-8D11-00A0C91BC942}") = "CabbageFramework", "CabbageFramework\CabbageFramework.vcxproj", "{C8987DB4-983C-4801-BBBE-072704FAF615}"
EndProject
Project("{2150E333-8FDC-42A3-9474-1A3956D46DE8}") = "Shaders", "Shaders", "{22CB5BE8-A32A-4BBC-8A2F-05D7C9C1F292}"
	ProjectSection(SolutionItems) = preProject
		Media\Shaders\Blend.frag = Media\Shaders\Blend.frag
		Media\Shaders\Blend.vert = Media\Shaders\Blend.vert
		Media\Shaders\BlurH.frag = Media\Shaders\BlurH.frag
		Media\Shaders\BlurH.vert = Media\Shaders\BlurH.vert
		Media\Shaders\BlurV.frag = Media\Shaders\BlurV.frag
		Media\Shaders\BlurV.vert = Media\Shaders\BlurV.vert
		Media\Shaders\Border.frag = Media\Shaders\Border.frag
		Media\Shaders\Border.vert = Media\Shaders\Border.vert
		Media\Shaders\Diffuse.frag = Media\Shaders\Diffuse.frag
		Media\Shaders\Diffuse.vert = Media\Shaders\Diffuse.vert
		Media\Shaders\DiffuseTexture.frag = Media\Shaders\DiffuseTexture.frag
		Media\Shaders\DiffuseTexture.vert = Media\Shaders\DiffuseTexture.vert
		Media\Shaders\DiffuseTexture_2.frag = Media\Shaders\DiffuseTexture_2.frag
		Media\Shaders\DiffuseTexture_2.vert = Media\Shaders\DiffuseTexture_2.vert
		Media\Shaders\DiffuseTextureBright.frag = Media\Shaders\DiffuseTextureBright.frag
		Media\Shaders\DiffuseTextureBright.vert = Media\Shaders\DiffuseTextureBright.vert
		Media\Shaders\Flat.frag = Media\Shaders\Flat.frag
		Media\Shaders\Flat.vert = Media\Shaders\Flat.vert
		Media\Shaders\light.frag = Media\Shaders\light.frag
		Media\Shaders\light.vert = Media\Shaders\light.vert
		Media\Shaders\normalColor.frag = Media\Shaders\normalColor.frag
		Media\Shaders\normalColor.vert = Media\Shaders\normalColor.vert
		Media\Shaders\NotBlur.frag = Media\Shaders\NotBlur.frag
		Media\Shaders\NotBlur.vert = Media\Shaders\NotBlur.vert
		Media\Shaders\Particle.frag = Media\Shaders\Particle.frag
		Media\Shaders\Particle.vert = Media\Shaders\Particle.vert
		Media\Shaders\Simple.frag = Media\Shaders\Simple.frag
		Media\Shaders\Simple.vert = Media\Shaders\Simple.vert
		Media\Shaders\Specular.frag = Media\Shaders\Specular.frag
		Media\Shaders\Specular.vert = Media\Shaders\Specular.vert
		Media\Shaders\SSAO.frag = Media\Shaders\SSAO.frag
		Media\Shaders\SSAO.vert = Media\Shaders\SSAO.vert
		Media\Shaders\Toon.frag = Media\Shaders\Toon.frag
		Media\Shaders\Toon.vert = Media\Shaders\Toon.vert
		Media\Shaders\ToonBright.frag = Media\Shaders\ToonBright.frag
		Media\Shaders\ToonBright.vert = Media\Shaders\ToonBright.vert
		Media\Shaders\ToonTexture.frag = Media\Shaders\ToonTexture.frag
		Media\Shaders\ToonTexture.vert = Media\Shaders\ToonTexture.vert
	EndProjectSection
EndProject
Project("{8BC9CEB8-8B4A-11D0-8D11-00A0C91BC942}") = "Base", "Base\Base.vcxproj", "{11D86DD3-FE36-4890-8515-41B0B2DBFE9E}"
	ProjectSection(ProjectDependencies) = postProject
		{10A797C8-94C1-4EA0-89FF-7E03C5943D82} = {10A797C8-94C1-4EA0-89FF-7E03C5943D82}
		{19F4292D-FC1B-4F96-8033-5C723595C473} = {19F4292D-FC1B-4F96-8033-5C723595C473}
		{26292FEE-7E8B-4179-92E3-B40C314ECB0F} = {26292FEE-7E8B-4179-92E3-B40C314ECB0F}
		{3EF767BE-D95D-4C6D-A268-D0C414935726} = {3EF767BE-D95D-4C6D-A268-D0C414935726}
		{431FB1F8-489B-4B7E-82F2-CF4B4B5485DF} = {431FB1F8-489B-4B7E-82F2-CF4B4B5485DF}
		{75299A5D-B7AF-4B26-8B18-3116172F330D} = {75299A5D-B7AF-4B26-8B18-3116172F330D}
		{7C4FA584-ADC9-4CD3-9553-4286F6C1F5B2} = {7C4FA584-ADC9-4CD3-9553-4286F6C1F5B2}
		{8389DE31-B188-40BA-983F-D0BB58DDB9FB} = {8389DE31-B188-40BA-983F-D0BB58DDB9FB}
		{9EC4EF67-EDCE-4FDA-97E9-CADBBEAB2D89} = {9EC4EF67-EDCE-4FDA-97E9-CADBBEAB2D89}
		{B139B8AE-77AA-4A47-9E7F-B95B4BCDFD1C} = {B139B8AE-77AA-4A47-9E7F-B95B4BCDFD1C}
		{C0397D79-C283-45CD-B54E-CA0234CAA8EF} = {C0397D79-C283-45CD-B54E-CA0234CAA8EF}
		{C8987DB4-983C-4801-BBBE-072704FAF615} = {C8987DB4-983C-4801-BBBE-072704FAF615}
	EndProjectSection
EndProject
Project("{8BC9CEB8-8B4A-11D0-8D11-00A0C91BC942}") = "StateLWIB", "StateLWIB\StateLWIB.vcxproj", "{26292FEE-7E8B-4179-92E3-B40C314ECB0F}"
EndProject
Project("{8BC9CEB8-8B4A-11D0-8D11-00A0C91BC942}") = "StateMainMenu", "StateMainMenu\StateMainMenu.vcxproj", "{3EF767BE-D95D-4C6D-A268-D0C414935726}"
EndProject
Project("{8BC9CEB8-8B4A-11D0-8D11-00A0C91BC942}") = "StateOverworld", "StateOverworld\StateOverworld.vcxproj", "{431FB1F8-489B-4B7E-82F2-CF4B4B5485DF}"
EndProject
Project("{8BC9CEB8-8B4A-11D0-8D11-00A0C91BC942}") = "DemoCabbageCollider", "DemoCabbageCollider\DemoCabbageCollider.vcxproj", "{1248412D-5901-40EF-A1DD-09C879B8E66B}"
	ProjectSection(ProjectDependencies) = postProject
		{10A797C8-94C1-4EA0-89FF-7E03C5943D82} = {10A797C8-94C1-4EA0-89FF-7E03C5943D82}
		{8389DE31-B188-40BA-983F-D0BB58DDB9FB} = {8389DE31-B188-40BA-983F-D0BB58DDB9FB}
		{C0397D79-C283-45CD-B54E-CA0234CAA8EF} = {C0397D79-C283-45CD-B54E-CA0234CAA8EF}
	EndProjectSection
EndProject
Project("{8BC9CEB8-8B4A-11D0-8D11-00A0C91BC942}") = "DemoMeshLoader", "DemoMeshLoader\DemoMeshLoader.vcxproj", "{ECE9F550-164F-49F3-B51E-143EB8D14711}"
	ProjectSection(ProjectDependencies) = postProject
		{8389DE31-B188-40BA-983F-D0BB58DDB9FB} = {8389DE31-B188-40BA-983F-D0BB58DDB9FB}
		{B139B8AE-77AA-4A47-9E7F-B95B4BCDFD1C} = {B139B8AE-77AA-4A47-9E7F-B95B4BCDFD1C}
		{C0397D79-C283-45CD-B54E-CA0234CAA8EF} = {C0397D79-C283-45CD-B54E-CA0234CAA8EF}
		{C8987DB4-983C-4801-BBBE-072704FAF615} = {C8987DB4-983C-4801-BBBE-072704FAF615}
	EndProjectSection
EndProject
Project("{8BC9CEB8-8B4A-11D0-8D11-00A0C91BC942}") = "CabbageSound", "CabbageSound\CabbageSound.vcxproj", "{9EC4EF67-EDCE-4FDA-97E9-CADBBEAB2D89}"
EndProject
Project("{8BC9CEB8-8B4A-11D0-8D11-00A0C91BC942}") = "CabbageParticles", "CabbageParticles\CabbageParticles.vcxproj", "{75299A5D-B7AF-4B26-8B18-3116172F330D}"
EndProject
Project("{8BC9CEB8-8B4A-11D0-8D11-00A0C91BC942}") = "CabbageGUI", "CabbageGUI\CabbageGUI.vcxproj", "{B139B8AE-77AA-4A47-9E7F-B95B4BCDFD1C}"
EndProject
Project("{2150E333-8FDC-42A3-9474-1A3956D46DE8}") = "FBO", "FBO", "{29852449-F038-4BA2-8C8B-E16A347D766F}"
	ProjectSection(SolutionItems) = preProject
		Media\Shaders\FBO\QuadCopy.frag = Media\Shaders\FBO\QuadCopy.frag
		Media\Shaders\FBO\QuadCopy.glsl = Media\Shaders\FBO\QuadCopy.glsl
		Media\Shaders\FBO\QuadCopy.vert = Media\Shaders\FBO\QuadCopy.vert
		Media\Shaders\FBO\QuadCopyUV.glsl = Media\Shaders\FBO\QuadCopyUV.glsl
	EndProjectSection
EndProject
Project("{8BC9CEB8-8B4A-11D0-8D11-00A0C91BC942}") = "CabbageGame", "CabbageGame\CabbageGame.vcxproj", "{7C4FA584-ADC9-4CD3-9553-4286F6C1F5B2}"
EndProject
Project("{8BC9CEB8-8B4A-11D0-8D11-00A0C91BC942}") = "StateGame", "StateGame\StateGame.vcxproj", "{19F4292D-FC1B-4F96-8033-5C723595C473}"
EndProject
Project("{8BC9CEB8-8B4A-11D0-8D11-00A0C91BC942}") = "CabbageLib", "CabbageLib\CabbageLib.vcxproj", "{7BB38772-4998-A404-4B4E-ED9D24DF86D6}"
EndProject
Global
	GlobalSection(SolutionConfigurationPlatforms) = preSolution
		Debug|Win32 = Debug|Win32
		Release|Win32 = Release|Win32
	EndGlobalSection
	GlobalSection(ProjectConfigurationPlatforms) = postSolution
		{C0397D79-C283-45CD-B54E-CA0234CAA8EF}.Debug|Win32.ActiveCfg = Debug|Win32
		{C0397D79-C283-45CD-B54E-CA0234CAA8EF}.Debug|Win32.Build.0 = Debug|Win32
		{C0397D79-C283-45CD-B54E-CA0234CAA8EF}.Release|Win32.ActiveCfg = Release|Win32
		{C0397D79-C283-45CD-B54E-CA0234CAA8EF}.Release|Win32.Build.0 = Release|Win32
		{8389DE31-B188-40BA-983F-D0BB58DDB9FB}.Debug|Win32.ActiveCfg = Debug|Win32
		{8389DE31-B188-40BA-983F-D0BB58DDB9FB}.Debug|Win32.Build.0 = Debug|Win32
		{8389DE31-B188-40BA-983F-D0BB58DDB9FB}.Release|Win32.ActiveCfg = Release|Win32
		{8389DE31-B188-40BA-983F-D0BB58DDB9FB}.Release|Win32.Build.0 = Release|Win32
		{10A797C8-94C1-4EA0-89FF-7E03C5943D82}.Debug|Win32.ActiveCfg = Debug|Win32
		{10A797C8-94C1-4EA0-89FF-7E03C5943D82}.Debug|Win32.Build.0 = Debug|Win32
		{10A797C8-94C1-4EA0-89FF-7E03C5943D82}.Release|Win32.ActiveCfg = Release|Win32
		{10A797C8-94C1-4EA0-89FF-7E03C5943D82}.Release|Win32.Build.0 = Release|Win32
		{C8987DB4-983C-4801-BBBE-072704FAF615}.Debug|Win32.ActiveCfg = Debug|Win32
		{C8987DB4-983C-4801-BBBE-072704FAF615}.Debug|Win32.Build.0 = Debug|Win32
		{C8987DB4-983C-4801-BBBE-072704FAF615}.Release|Win32.ActiveCfg = Release|Win32
		{C8987DB4-983C-4801-BBBE-072704FAF615}.Release|Win32.Build.0 = Release|Win32
		{11D86DD3-FE36-4890-8515-41B0B2DBFE9E}.Debug|Win32.ActiveCfg = Debug|Win32
		{11D86DD3-FE36-4890-8515-41B0B2DBFE9E}.Debug|Win32.Build.0 = Debug|Win32
		{11D86DD3-FE36-4890-8515-41B0B2DBFE9E}.Release|Win32.ActiveCfg = Release|Win32
		{11D86DD3-FE36-4890-8515-41B0B2DBFE9E}.Release|Win32.Build.0 = Release|Win32
		{26292FEE-7E8B-4179-92E3-B40C314ECB0F}.Debug|Win32.ActiveCfg = Debug|Win32
		{26292FEE-7E8B-4179-92E3-B40C314ECB0F}.Debug|Win32.Build.0 = Debug|Win32
		{26292FEE-7E8B-4179-92E3-B40C314ECB0F}.Release|Win32.ActiveCfg = Release|Win32
		{26292FEE-7E8B-4179-92E3-B40C314ECB0F}.Release|Win32.Build.0 = Release|Win32
		{3EF767BE-D95D-4C6D-A268-D0C414935726}.Debug|Win32.ActiveCfg = Debug|Win32
		{3EF767BE-D95D-4C6D-A268-D0C414935726}.Debug|Win32.Build.0 = Debug|Win32
		{3EF767BE-D95D-4C6D-A268-D0C414935726}.Release|Win32.ActiveCfg = Release|Win32
		{3EF767BE-D95D-4C6D-A268-D0C414935726}.Release|Win32.Build.0 = Release|Win32
		{431FB1F8-489B-4B7E-82F2-CF4B4B5485DF}.Debug|Win32.ActiveCfg = Debug|Win32
		{431FB1F8-489B-4B7E-82F2-CF4B4B5485DF}.Debug|Win32.Build.0 = Debug|Win32
		{431FB1F8-489B-4B7E-82F2-CF4B4B5485DF}.Release|Win32.ActiveCfg = Release|Win32
		{431FB1F8-489B-4B7E-82F2-CF4B4B5485DF}.Release|Win32.Build.0 = Release|Win32
		{1248412D-5901-40EF-A1DD-09C879B8E66B}.Debug|Win32.ActiveCfg = Debug|Win32
		{1248412D-5901-40EF-A1DD-09C879B8E66B}.Release|Win32.ActiveCfg = Release|Win32
		{1248412D-5901-40EF-A1DD-09C879B8E66B}.Release|Win32.Build.0 = Release|Win32
		{ECE9F550-164F-49F3-B51E-143EB8D14711}.Debug|Win32.ActiveCfg = Debug|Win32
		{ECE9F550-164F-49F3-B51E-143EB8D14711}.Release|Win32.ActiveCfg = Release|Win32
		{9EC4EF67-EDCE-4FDA-97E9-CADBBEAB2D89}.Debug|Win32.ActiveCfg = Debug|Win32
		{9EC4EF67-EDCE-4FDA-97E9-CADBBEAB2D89}.Debug|Win32.Build.0 = Debug|Win32
		{9EC4EF67-EDCE-4FDA-97E9-CADBBEAB2D89}.Release|Win32.ActiveCfg = Release|Win32
		{9EC4EF67-EDCE-4FDA-97E9-CADBBEAB2D89}.Release|Win32.Build.0 = Release|Win32
		{75299A5D-B7AF-4B26-8B18-3116172F330D}.Debug|Win32.ActiveCfg = Debug|Win32
		{75299A5D-B7AF-4B26-8B18-3116172F330D}.Debug|Win32.Build.0 = Debug|Win32
		{75299A5D-B7AF-4B26-8B18-3116172F330D}.Release|Win32.ActiveCfg = Release|Win32
		{75299A5D-B7AF-4B26-8B18-3116172F330D}.Release|Win32.Build.0 = Release|Win32
		{B139B8AE-77AA-4A47-9E7F-B95B4BCDFD1C}.Debug|Win32.ActiveCfg = Debug|Win32
		{B139B8AE-77AA-4A47-9E7F-B95B4BCDFD1C}.Debug|Win32.Build.0 = Debug|Win32
		{B139B8AE-77AA-4A47-9E7F-B95B4BCDFD1C}.Release|Win32.ActiveCfg = Release|Win32
		{B139B8AE-77AA-4A47-9E7F-B95B4BCDFD1C}.Release|Win32.Build.0 = Release|Win32
		{7C4FA584-ADC9-4CD3-9553-4286F6C1F5B2}.Debug|Win32.ActiveCfg = Debug|Win32
		{7C4FA584-ADC9-4CD3-9553-4286F6C1F5B2}.Debug|Win32.Build.0 = Debug|Win32
		{7C4FA584-ADC9-4CD3-9553-4286F6C1F5B2}.Release|Win32.ActiveCfg = Release|Win32
		{7C4FA584-ADC9-4CD3-9553-4286F6C1F5B2}.Release|Win32.Build.0 = Release|Win32
		{19F4292D-FC1B-4F96-8033-5C723595C473}.Debug|Win32.ActiveCfg = Debug|Win32
		{19F4292D-FC1B-4F96-8033-5C723595C473}.Debug|Win32.Build.0 = Debug|Win32
		{19F4292D-FC1B-4F96-8033-5C723595C473}.Release|Win32.ActiveCfg = Release|Win32
		{19F4292D-FC1B-4F96-8033-5C723595C473}.Release|Win32.Build.0 = Release|Win32
		{7BB38772-4998-A404-4B4E-ED9D24DF86D6}.Debug|Win32.ActiveCfg = Debug|Win32
		{7BB38772-4998-A404-4B4E-ED9D24DF86D6}.Debug|Win32.Build.0 = Debug|Win32
		{7BB38772-4998-A404-4B4E-ED9D24DF86D6}.Release|Win32.ActiveCfg = Release|Win32
		{7BB38772-4998-A404-4B4E-ED9D24DF86D6}.Release|Win32.Build.0 = Release|Win32
	EndGlobalSection
	GlobalSection(SolutionProperties) = preSolution
		HideSolutionNode = FALSE
	EndGlobalSection
	GlobalSection(NestedProjects) = preSolution
		{29852449-F038-4BA2-8C8B-E16A347D766F} = {22CB5BE8-A32A-4BBC-8A2F-05D7C9C1F292}
	EndGlobalSection
EndGlobal
