<?xml version="1.0" encoding="utf-8"?>
<Project ToolsVersion="4.0" xmlns="http://schemas.microsoft.com/developer/msbuild/2003">
  <ItemGroup>
    <ClCompile Include="CApplication.cpp" />
    <ClCompile Include="CEventManager.cpp" />
    <ClCompile Include="CCameraControl.cpp">
      <Filter>Cameras</Filter>
    </ClCompile>
    <ClCompile Include="COrthoCamera.cpp">
      <Filter>Cameras</Filter>
    </ClCompile>
    <ClCompile Include="CStateManager.cpp">
      <Filter>State Management</Filter>
    </ClCompile>
    <ClCompile Include="CFadeOutState.cpp">
      <Filter>State Management</Filter>
    </ClCompile>
    <ClCompile Include="CSoundManager.cpp">
      <Filter>Sound</Filter>
    </ClCompile>
  </ItemGroup>
  <ItemGroup>
    <Filter Include="Cameras">
      <UniqueIdentifier>{28db67e1-a733-4fab-a6d0-7e9c1dfa0e4a}</UniqueIdentifier>
    </Filter>
    <Filter Include="State Management">
      <UniqueIdentifier>{11862c19-eebf-4dfd-aa0f-d9b6a42527c6}</UniqueIdentifier>
    </Filter>
    <Filter Include="Sound">
      <UniqueIdentifier>{5c7ddec5-b06c-498b-8227-cd2724c9104d}</UniqueIdentifier>
    </Filter>
  </ItemGroup>
  <ItemGroup>
    <ClInclude Include="CApplication.h" />
    <ClInclude Include="CEventManager.h" />
    <ClInclude Include="CabbageFramework.h" />
    <ClInclude Include="CCameraControl.h">
      <Filter>Cameras</Filter>
    </ClInclude>
    <ClInclude Include="COrthoCamera.h">
      <Filter>Cameras</Filter>
    </ClInclude>
    <ClInclude Include="CStateManager.h">
      <Filter>State Management</Filter>
    </ClInclude>
    <ClInclude Include="CFadeOutState.h">
      <Filter>State Management</Filter>
    </ClInclude>
    <ClInclude Include="CSoundManager.h">
      <Filter>Sound</Filter>
    </ClInclude>
    <ClInclude Include="..\CabbageSound\SDL_mixer.h">
      <Filter>Sound</Filter>
    </ClInclude>
  </ItemGroup>
  <ItemGroup>
    <None Include="Makefile" />
  </ItemGroup>
</Project>