<?xml version="1.0" encoding="utf-8"?>
<Project ToolsVersion="4.0" xmlns="http://schemas.microsoft.com/developer/msbuild/2003">
  <ItemGroup>
    <Filter Include="Source Files">
      <UniqueIdentifier>{4FC737F1-C7A5-4376-A066-2A32D752A2FF}</UniqueIdentifier>
      <Extensions>cpp;c;cc;cxx;def;odl;idl;hpj;bat;asm;asmx</Extensions>
    </Filter>
    <Filter Include="Header Files">
      <UniqueIdentifier>{93995380-89BD-4b04-88EB-625FBE52EBFB}</UniqueIdentifier>
      <Extensions>h;hpp;hxx;hm;inl;inc;xsd</Extensions>
    </Filter>
  </ItemGroup>
  <ItemGroup>
    <ClCompile Include="CBlock.cpp">
      <Filter>Source Files</Filter>
    </ClCompile>
    <ClCompile Include="CEnemy.cpp">
      <Filter>Source Files</Filter>
    </ClCompile>
    <ClCompile Include="CLWIBState.cpp">
      <Filter>Source Files</Filter>
    </ClCompile>
    <ClCompile Include="Materials.cpp">
      <Filter>Source Files</Filter>
    </ClCompile>
    <ClCompile Include="wmlwriter_src\xmlwriter.cpp">
      <Filter>Source Files</Filter>
    </ClCompile>
    <ClCompile Include="CCabbage.cpp">
      <Filter>Source Files</Filter>
    </ClCompile>
    <ClCompile Include="CFlag.cpp">
      <Filter>Source Files</Filter>
    </ClCompile>
    <ClCompile Include="CPItem.cpp">
      <Filter>Source Files</Filter>
    </ClCompile>
  </ItemGroup>
  <ItemGroup>
    <ClInclude Include="CBlock.h">
      <Filter>Header Files</Filter>
    </ClInclude>
    <ClInclude Include="CEnemy.h">
      <Filter>Header Files</Filter>
    </ClInclude>
    <ClInclude Include="CLWIBState.h">
      <Filter>Header Files</Filter>
    </ClInclude>
    <ClInclude Include="CPlaceable.h">
      <Filter>Header Files</Filter>
    </ClInclude>
    <ClInclude Include="header.h">
      <Filter>Header Files</Filter>
    </ClInclude>
    <ClInclude Include="Materials.h">
      <Filter>Header Files</Filter>
    </ClInclude>
    <ClInclude Include="wmlwriter_src\xmlwriter.h">
      <Filter>Header Files</Filter>
    </ClInclude>
    <ClInclude Include="CCabbage.h">
      <Filter>Header Files</Filter>
    </ClInclude>
    <ClInclude Include="CFlag.h">
      <Filter>Header Files</Filter>
    </ClInclude>
    <ClInclude Include="CPItem.h">
      <Filter>Header Files</Filter>
    </ClInclude>
  </ItemGroup>
  <ItemGroup>
    <None Include="Makefile" />
  </ItemGroup>
</Project>