<?xml version="1.0" encoding="utf-8"?>
<Project ToolsVersion="4.0" xmlns="http://schemas.microsoft.com/developer/msbuild/2003">
  <ItemGroup>
    <ClInclude Include="CBiggerBlock.h" />
    <ClInclude Include="CDecorManager.h" />
    <ClInclude Include="CGameEventReceiver.h" />
    <ClInclude Include="CGameLevel.h" />
    <ClInclude Include="CGameLevelEventManager.h" />
    <ClInclude Include="CGameLevelLoader.h" />
    <ClInclude Include="CGameplayGUIManager.h" />
    <ClInclude Include="CGameplayManager.h" />
    <ClInclude Include="IUpdater.h" />
    <ClInclude Include="SDL_mixer.h" />
    <ClInclude Include="Elements\CGameplayElement.h">
      <Filter>Elements</Filter>
    </ClInclude>
    <ClInclude Include="Elements\Blocks\CElementBlock.h">
      <Filter>Elements\Blocks</Filter>
    </ClInclude>
    <ClInclude Include="Elements\Blocks\CElementBlockElevator.h">
      <Filter>Elements\Blocks</Filter>
    </ClInclude>
    <ClInclude Include="Elements\Blocks\CElementBlockFlag.h">
      <Filter>Elements\Blocks</Filter>
    </ClInclude>
    <ClInclude Include="Elements\Enemies\CElementEnemy.h">
      <Filter>Elements\Enemies</Filter>
    </ClInclude>
    <ClInclude Include="Elements\Enemies\CElementEnemyApple.h">
      <Filter>Elements\Enemies</Filter>
    </ClInclude>
    <ClInclude Include="Elements\Enemies\CElementEnemyBlade.h">
      <Filter>Elements\Enemies</Filter>
    </ClInclude>
    <ClInclude Include="Elements\Enemies\CElementEnemyFlame.h">
      <Filter>Elements\Enemies</Filter>
    </ClInclude>
    <ClInclude Include="Elements\Enemies\CElementEnemyGrape.h">
      <Filter>Elements\Enemies</Filter>
    </ClInclude>
    <ClInclude Include="Elements\Enemies\CElementEnemyKiwi.h">
      <Filter>Elements\Enemies</Filter>
    </ClInclude>
    <ClInclude Include="Elements\Enemies\CElementEnemyOrange.h">
      <Filter>Elements\Enemies</Filter>
    </ClInclude>
    <ClInclude Include="Elements\Enemies\CElementEnemyProjectile.h">
      <Filter>Elements\Enemies</Filter>
    </ClInclude>
    <ClInclude Include="Elements\Enemies\CElementEnemyProjectileGrape.h">
      <Filter>Elements\Enemies</Filter>
    </ClInclude>
    <ClInclude Include="Elements\Enemies\CElementEnemyProjectileKiwi.h">
      <Filter>Elements\Enemies</Filter>
    </ClInclude>
    <ClInclude Include="Elements\Items\CElementItem.h">
      <Filter>Elements\Items</Filter>
    </ClInclude>
    <ClInclude Include="Elements\Items\CElementItemEnergy.h">
      <Filter>Elements\Items</Filter>
    </ClInclude>
    <ClInclude Include="Elements\Items\CElementItemHealth.h">
      <Filter>Elements\Items</Filter>
    </ClInclude>
    <ClInclude Include="Elements\Items\CElementItemLife.h">
      <Filter>Elements\Items</Filter>
    </ClInclude>
    <ClInclude Include="Elements\Items\CElementItemSeed.h">
      <Filter>Elements\Items</Filter>
    </ClInclude>
    <ClInclude Include="Elements\Player\CElementPlayer.h">
      <Filter>Elements\Player</Filter>
    </ClInclude>
    <ClInclude Include="Elements\Player\CPlayerView.h">
      <Filter>Elements\Player</Filter>
    </ClInclude>
    <ClInclude Include="Elements\Player\CPlayerAbility.h">
      <Filter>Elements\Player</Filter>
    </ClInclude>
    <ClInclude Include="Elements\Player\CPlayerAbilityBlink.h">
      <Filter>Elements\Player</Filter>
    </ClInclude>
    <ClInclude Include="Elements\Player\CPlayerAbilityLaser.h">
      <Filter>Elements\Player</Filter>
    </ClInclude>
    <ClInclude Include="Elements\Player\CPlayerAbilityShield.h">
      <Filter>Elements\Player</Filter>
    </ClInclude>
    <ClInclude Include="Elements\ISquishable.h">
      <Filter>Elements</Filter>
    </ClInclude>
    <ClInclude Include="Elements\Enemies\CElementEnemyGiantApple.h">
      <Filter>Elements\Enemies</Filter>
    </ClInclude>
    <ClInclude Include="Elements\Enemies\CElementEnemyCherry.h">
      <Filter>Elements\Enemies</Filter>
    </ClInclude>
    <ClInclude Include="Elements\Enemies\CElementEnemyPear.h">
      <Filter>Elements\Enemies</Filter>
    </ClInclude>
    <ClInclude Include="Elements\Player\CPlayerAbilityDash.h">
      <Filter>Elements\Player</Filter>
    </ClInclude>
    <ClInclude Include="Elements\Enemies\CElementEnemyProjectileCherry.h">
      <Filter>Elements\Enemies</Filter>
    </ClInclude>
  </ItemGroup>
  <ItemGroup>
    <ClCompile Include="CBiggerBlock.cpp" />
    <ClCompile Include="CDecorManager.cpp" />
    <ClCompile Include="CGameEventReceiver.cpp" />
    <ClCompile Include="CGameLevel.cpp" />
    <ClCompile Include="CGameLevelLoader.cpp" />
    <ClCompile Include="CGameplayGUIManager.cpp" />
    <ClCompile Include="CGameplayManager.cpp" />
    <ClCompile Include="Driver.cpp" />
    <ClCompile Include="Elements\CGameplayElement.cpp">
      <Filter>Elements</Filter>
    </ClCompile>
    <ClCompile Include="Elements\Blocks\CElementBlock.cpp">
      <Filter>Elements\Blocks</Filter>
    </ClCompile>
    <ClCompile Include="Elements\Blocks\CElementBlockElevator.cpp">
      <Filter>Elements\Blocks</Filter>
    </ClCompile>
    <ClCompile Include="Elements\Blocks\CElementBlockFlag.cpp">
      <Filter>Elements\Blocks</Filter>
    </ClCompile>
    <ClCompile Include="Elements\Enemies\CElementEnemy.cpp">
      <Filter>Elements\Enemies</Filter>
    </ClCompile>
    <ClCompile Include="Elements\Enemies\CElementEnemyApple.cpp">
      <Filter>Elements\Enemies</Filter>
    </ClCompile>
    <ClCompile Include="Elements\Enemies\CElementEnemyBlade.cpp">
      <Filter>Elements\Enemies</Filter>
    </ClCompile>
    <ClCompile Include="Elements\Enemies\CElementEnemyFlame.cpp">
      <Filter>Elements\Enemies</Filter>
    </ClCompile>
    <ClCompile Include="Elements\Enemies\CElementEnemyGrape.cpp">
      <Filter>Elements\Enemies</Filter>
    </ClCompile>
    <ClCompile Include="Elements\Enemies\CElementEnemyKiwi.cpp">
      <Filter>Elements\Enemies</Filter>
    </ClCompile>
    <ClCompile Include="Elements\Enemies\CElementEnemyOrange.cpp">
      <Filter>Elements\Enemies</Filter>
    </ClCompile>
    <ClCompile Include="Elements\Enemies\CElementEnemyProjectile.cpp">
      <Filter>Elements\Enemies</Filter>
    </ClCompile>
    <ClCompile Include="Elements\Enemies\CElementEnemyProjectileGrape.cpp">
      <Filter>Elements\Enemies</Filter>
    </ClCompile>
    <ClCompile Include="Elements\Enemies\CElementEnemyProjectileKiwi.cpp">
      <Filter>Elements\Enemies</Filter>
    </ClCompile>
    <ClCompile Include="Elements\Items\CElementItem.cpp">
      <Filter>Elements\Items</Filter>
    </ClCompile>
    <ClCompile Include="Elements\Items\CElementItemEnergy.cpp">
      <Filter>Elements\Items</Filter>
    </ClCompile>
    <ClCompile Include="Elements\Items\CElementItemHealth.cpp">
      <Filter>Elements\Items</Filter>
    </ClCompile>
    <ClCompile Include="Elements\Items\CElementItemLife.cpp">
      <Filter>Elements\Items</Filter>
    </ClCompile>
    <ClCompile Include="Elements\Items\CElementItemSeed.cpp">
      <Filter>Elements\Items</Filter>
    </ClCompile>
    <ClCompile Include="Elements\Player\CElementPlayer.cpp">
      <Filter>Elements\Player</Filter>
    </ClCompile>
    <ClCompile Include="Elements\Player\CPlayerView.cpp">
      <Filter>Elements\Player</Filter>
    </ClCompile>
    <ClCompile Include="irrxml-1.2\src\irrXML.cpp">
      <Filter>xml</Filter>
    </ClCompile>
    <ClCompile Include="wmlwriter_src\xmlwriter.cpp">
      <Filter>xml</Filter>
    </ClCompile>
    <ClCompile Include="Elements\Player\CPlayerAbility.cpp">
      <Filter>Elements\Player</Filter>
    </ClCompile>
    <ClCompile Include="Elements\Player\CPlayerAbilityBlink.cpp">
      <Filter>Elements\Player</Filter>
    </ClCompile>
    <ClCompile Include="Elements\Player\CPlayerAbilityLaser.cpp">
      <Filter>Elements\Player</Filter>
    </ClCompile>
    <ClCompile Include="Elements\Player\CPlayerAbilityShield.cpp">
      <Filter>Elements\Player</Filter>
    </ClCompile>
    <ClCompile Include="Elements\ISquishable.cpp">
      <Filter>Elements</Filter>
    </ClCompile>
    <ClCompile Include="Elements\Enemies\CElementEnemyGiantApple.cpp">
      <Filter>Elements\Enemies</Filter>
    </ClCompile>
    <ClCompile Include="Elements\Enemies\CElementEnemyCherry.cpp">
      <Filter>Elements\Enemies</Filter>
    </ClCompile>
    <ClCompile Include="Elements\Enemies\CElementEnemyPear.cpp">
      <Filter>Elements\Enemies</Filter>
    </ClCompile>
    <ClCompile Include="Elements\Player\CPlayerAbilityDash.cpp">
      <Filter>Elements\Player</Filter>
    </ClCompile>
    <ClCompile Include="Elements\Enemies\CElementEnemyProjectileCherry.cpp">
      <Filter>Elements\Enemies</Filter>
    </ClCompile>
  </ItemGroup>
  <ItemGroup>
    <Filter Include="Elements">
      <UniqueIdentifier>{c44f1c13-92ac-4417-a02a-e86725b7037f}</UniqueIdentifier>
    </Filter>
    <Filter Include="Elements\Blocks">
      <UniqueIdentifier>{196e7945-0105-4b46-8414-18404c778bb9}</UniqueIdentifier>
    </Filter>
    <Filter Include="Elements\Enemies">
      <UniqueIdentifier>{693f9443-1cd6-4ec4-bcda-7d4cb57112c1}</UniqueIdentifier>
    </Filter>
    <Filter Include="Elements\Items">
      <UniqueIdentifier>{0192b2a7-fc40-4aa7-b6a9-959e9d48430e}</UniqueIdentifier>
    </Filter>
    <Filter Include="Elements\Friends">
      <UniqueIdentifier>{87283a55-8ee8-4e65-9317-41337d1c361f}</UniqueIdentifier>
    </Filter>
    <Filter Include="Elements\Player">
      <UniqueIdentifier>{cb13936c-6d1b-46d1-9483-81ac2bd897b4}</UniqueIdentifier>
    </Filter>
    <Filter Include="xml">
      <UniqueIdentifier>{6b6e7ed2-44ec-43ad-9401-7a7f78123a18}</UniqueIdentifier>
    </Filter>
  </ItemGroup>
</Project>