<?xml version="1.0" encoding="utf-8"?>
<Project ToolsVersion="4.0" xmlns="http://schemas.microsoft.com/developer/msbuild/2003">
  <ItemGroup>
    <Filter Include="Source Files">
      <UniqueIdentifier>{4FC737F1-C7A5-4376-A066-2A32D752A2FF}</UniqueIdentifier>
      <Extensions>cpp;c;cc;cxx;def;odl;idl;hpj;bat;asm;asmx</Extensions>
    </Filter>
    <Filter Include="Header Files">
      <UniqueIdentifier>{93995380-89BD-4b04-88EB-625FBE52EBFB}</UniqueIdentifier>
      <Extensions>h;hpp;hxx;hm;inl;inc;xsd</Extensions>
    </Filter>
  </ItemGroup>
  <ItemGroup>
    <ClCompile Include="CGameEventReceiver.cpp">
      <Filter>Source Files</Filter>
    </ClCompile>
    <ClCompile Include="CGameplayManager.cpp">
      <Filter>Source Files</Filter>
    </ClCompile>
    <ClCompile Include="CGameState.cpp">
      <Filter>Source Files</Filter>
    </ClCompile>
    <ClCompile Include="CPlayerView.cpp">
      <Filter>Source Files</Filter>
    </ClCompile>
    <ClCompile Include="irrxml-1.2\src\irrXML.cpp">
      <Filter>Source Files</Filter>
    </ClCompile>
    <ClCompile Include="main.cpp">
      <Filter>Source Files</Filter>
    </ClCompile>
    <ClCompile Include="Materials.cpp">
      <Filter>Source Files</Filter>
    </ClCompile>
    <ClCompile Include="CBadGuy.cpp">
      <Filter>Source Files</Filter>
    </ClCompile>
    <ClCompile Include="EApple.cpp">
      <Filter>Source Files</Filter>
    </ClCompile>
    <ClCompile Include="EOrange.cpp">
      <Filter>Source Files</Filter>
    </ClCompile>
    <ClCompile Include="EKiwi.cpp">
      <Filter>Source Files</Filter>
    </ClCompile>
    <ClCompile Include="EFlame.cpp">
      <Filter>Source Files</Filter>
    </ClCompile>
    <ClCompile Include="EBlade.cpp">
      <Filter>Source Files</Filter>
    </ClCompile>
    <ClCompile Include="PKiwi.cpp">
      <Filter>Source Files</Filter>
    </ClCompile>
    <ClCompile Include="CItem.cpp">
      <Filter>Source Files</Filter>
    </ClCompile>
    <ClCompile Include="CIEnergy.cpp">
      <Filter>Source Files</Filter>
    </ClCompile>
    <ClCompile Include="CIHealth.cpp">
      <Filter>Source Files</Filter>
    </ClCompile>
    <ClCompile Include="CBiggerBlock.cpp">
      <Filter>Source Files</Filter>
    </ClCompile>
    <ClCompile Include="PGrape.cpp">
      <Filter>Source Files</Filter>
    </ClCompile>
    <ClCompile Include="EGrape.cpp">
      <Filter>Source Files</Filter>
    </ClCompile>
    <ClCompile Include="CISeed.cpp">
      <Filter>Source Files</Filter>
    </ClCompile>
    <ClCompile Include="CILife.cpp">
      <Filter>Source Files</Filter>
    </ClCompile>
    <ClCompile Include="CFriends.cpp">
      <Filter>Source Files</Filter>
    </ClCompile>
    <ClCompile Include="CFDerp.cpp">
      <Filter>Source Files</Filter>
    </ClCompile>
  </ItemGroup>
  <ItemGroup>
    <ClInclude Include="CGameEventManager.h">
      <Filter>Header Files</Filter>
    </ClInclude>
    <ClInclude Include="CGameEventReceiver.h">
      <Filter>Header Files</Filter>
    </ClInclude>
    <ClInclude Include="CGameplayManager.h">
      <Filter>Header Files</Filter>
    </ClInclude>
    <ClInclude Include="CGameState.h">
      <Filter>Header Files</Filter>
    </ClInclude>
    <ClInclude Include="CPlayerView.h">
      <Filter>Header Files</Filter>
    </ClInclude>
    <ClInclude Include="draw.h">
      <Filter>Header Files</Filter>
    </ClInclude>
    <ClInclude Include="header.h">
      <Filter>Header Files</Filter>
    </ClInclude>
    <ClInclude Include="irrxml-1.2\src\irrXML.h">
      <Filter>Header Files</Filter>
    </ClInclude>
    <ClInclude Include="Materials.h">
      <Filter>Header Files</Filter>
    </ClInclude>
    <ClInclude Include="SDL_mixer.h">
      <Filter>Header Files</Filter>
    </ClInclude>
    <ClInclude Include="CBadGuy.h">
      <Filter>Header Files</Filter>
    </ClInclude>
    <ClInclude Include="EApple.h">
      <Filter>Header Files</Filter>
    </ClInclude>
    <ClInclude Include="EOrange.h">
      <Filter>Header Files</Filter>
    </ClInclude>
    <ClInclude Include="EKiwi.h">
      <Filter>Header Files</Filter>
    </ClInclude>
    <ClInclude Include="EFlame.h">
      <Filter>Header Files</Filter>
    </ClInclude>
    <ClInclude Include="EBlade.h">
      <Filter>Header Files</Filter>
    </ClInclude>
    <ClInclude Include="PKiwi.h">
      <Filter>Header Files</Filter>
    </ClInclude>
    <ClInclude Include="CItem.h">
      <Filter>Header Files</Filter>
    </ClInclude>
    <ClInclude Include="CIEnergy.h">
      <Filter>Header Files</Filter>
    </ClInclude>
    <ClInclude Include="CIHealth.h">
      <Filter>Header Files</Filter>
    </ClInclude>
    <ClInclude Include="CBiggerBlock.h">
      <Filter>Header Files</Filter>
    </ClInclude>
    <ClInclude Include="PGrape.h">
      <Filter>Header Files</Filter>
    </ClInclude>
    <ClInclude Include="EGrape.h">
      <Filter>Header Files</Filter>
    </ClInclude>
    <ClInclude Include="CISeed.h">
      <Filter>Header Files</Filter>
    </ClInclude>
    <ClInclude Include="CILife.h">
      <Filter>Header Files</Filter>
    </ClInclude>
    <ClInclude Include="CFriends.h">
      <Filter>Header Files</Filter>
    </ClInclude>
    <ClInclude Include="CFDerp.h">
      <Filter>Header Files</Filter>
    </ClInclude>
  </ItemGroup>
  <ItemGroup>
    <None Include="Makefile" />
  </ItemGroup>
</Project>