<?xml version="1.0" encoding="utf-8"?>
<Project ToolsVersion="4.0" xmlns="http://schemas.microsoft.com/developer/msbuild/2003">
  <ItemGroup>
    <ClInclude Include="SVertex.h" />
    <ClInclude Include="CabbageScene.h" />
    <ClInclude Include="CImage.h">
      <Filter>Textures</Filter>
    </ClInclude>
    <ClInclude Include="CImageLoader.h">
      <Filter>Textures</Filter>
    </ClInclude>
    <ClInclude Include="CTexture.h">
      <Filter>Textures</Filter>
    </ClInclude>
    <ClInclude Include="CMeshLoader.h">
      <Filter>Meshes</Filter>
    </ClInclude>
    <ClInclude Include="CMesh.h">
      <Filter>Meshes</Filter>
    </ClInclude>
    <ClInclude Include="CShader.h">
      <Filter>Shaders</Filter>
    </ClInclude>
    <ClInclude Include="CShaderLoader.h">
      <Filter>Shaders</Filter>
    </ClInclude>
    <ClInclude Include="CShaderContext.h">
      <Filter>Shaders</Filter>
    </ClInclude>
    <ClInclude Include="CMeshRenderable.h">
      <Filter>Scene Objects</Filter>
    </ClInclude>
    <ClInclude Include="CTexturedMeshRenderable.h">
      <Filter>Scene Objects</Filter>
    </ClInclude>
    <ClInclude Include="CSceneManager.h" />
    <ClInclude Include="CCamera.h">
      <Filter>Camera</Filter>
    </ClInclude>
    <ClInclude Include="CLightedTexturedMeshRenderable.h">
      <Filter>Scene Objects</Filter>
    </ClInclude>
    <ClInclude Include="CBufferObject.h">
      <Filter>Meshes</Filter>
    </ClInclude>
    <ClInclude Include="CRenderable.h">
      <Filter>Scene Objects</Filter>
    </ClInclude>
  </ItemGroup>
  <ItemGroup>
    <ClCompile Include="CImage.cpp">
      <Filter>Textures</Filter>
    </ClCompile>
    <ClCompile Include="CTexture.cpp">
      <Filter>Textures</Filter>
    </ClCompile>
    <ClCompile Include="CImageLoader.cpp">
      <Filter>Textures</Filter>
    </ClCompile>
    <ClCompile Include="CMesh.cpp">
      <Filter>Meshes</Filter>
    </ClCompile>
    <ClCompile Include="CMeshLoader.cpp">
      <Filter>Meshes</Filter>
    </ClCompile>
    <ClCompile Include="CShader.cpp">
      <Filter>Shaders</Filter>
    </ClCompile>
    <ClCompile Include="CShaderLoader.cpp">
      <Filter>Shaders</Filter>
    </ClCompile>
    <ClCompile Include="CShaderContext.cpp">
      <Filter>Shaders</Filter>
    </ClCompile>
    <ClCompile Include="CMeshRenderable.cpp">
      <Filter>Scene Objects</Filter>
    </ClCompile>
    <ClCompile Include="CTexturedMeshRenderable.cpp">
      <Filter>Scene Objects</Filter>
    </ClCompile>
    <ClCompile Include="CSceneManager.cpp" />
    <ClCompile Include="CCamera.cpp">
      <Filter>Camera</Filter>
    </ClCompile>
    <ClCompile Include="CLightedTexturedMeshRenderable.cpp">
      <Filter>Scene Objects</Filter>
    </ClCompile>
    <ClCompile Include="CRenderable.cpp">
      <Filter>Scene Objects</Filter>
    </ClCompile>
  </ItemGroup>
  <ItemGroup>
    <None Include="Makefile" />
  </ItemGroup>
  <ItemGroup>
    <Filter Include="Textures">
      <UniqueIdentifier>{c63084cb-cb73-46d3-bb6c-cc7c67185afe}</UniqueIdentifier>
    </Filter>
    <Filter Include="Meshes">
      <UniqueIdentifier>{9709b287-4c3b-409a-858d-be8b07b91959}</UniqueIdentifier>
    </Filter>
    <Filter Include="Scene Objects">
      <UniqueIdentifier>{12200784-2b7a-459c-a97f-350cbcf5a528}</UniqueIdentifier>
    </Filter>
    <Filter Include="Shaders">
      <UniqueIdentifier>{1708e28c-7514-436a-aba5-5dcab6e9442f}</UniqueIdentifier>
    </Filter>
    <Filter Include="Camera">
      <UniqueIdentifier>{c1d26830-6476-405b-8d0a-3cce26f3f79b}</UniqueIdentifier>
    </Filter>
  </ItemGroup>
</Project>