<?xml version="1.0" encoding="utf-8"?>
<Project ToolsVersion="4.0" xmlns="http://schemas.microsoft.com/developer/msbuild/2003">
  <ItemGroup>
    <ClInclude Include="CabbageScene.h" />
    <ClInclude Include="CImage.h">
      <Filter>Textures</Filter>
    </ClInclude>
    <ClInclude Include="CImageLoader.h">
      <Filter>Textures</Filter>
    </ClInclude>
    <ClInclude Include="CTexture.h">
      <Filter>Textures</Filter>
    </ClInclude>
    <ClInclude Include="CMeshLoader.h">
      <Filter>Meshes</Filter>
    </ClInclude>
    <ClInclude Include="CMesh.h">
      <Filter>Meshes</Filter>
    </ClInclude>
    <ClInclude Include="CShader.h">
      <Filter>Shaders</Filter>
    </ClInclude>
    <ClInclude Include="CShaderLoader.h">
      <Filter>Shaders</Filter>
    </ClInclude>
    <ClInclude Include="CShaderContext.h">
      <Filter>Shaders</Filter>
    </ClInclude>
    <ClInclude Include="CCamera.h">
      <Filter>Camera</Filter>
    </ClInclude>
    <ClInclude Include="CBufferObject.h">
      <Filter>Meshes</Filter>
    </ClInclude>
    <ClInclude Include="CRenderable.h">
      <Filter>Scene Objects</Filter>
    </ClInclude>
    <ClInclude Include="ISceneObject.h">
      <Filter>Scene Objects</Filter>
    </ClInclude>
    <ClInclude Include="CMaterial.h">
      <Filter>Scene Objects</Filter>
    </ClInclude>
    <ClInclude Include="SUniform.h">
      <Filter>Shaders</Filter>
    </ClInclude>
    <ClInclude Include="SAttribute.h">
      <Filter>Shaders</Filter>
    </ClInclude>
    <ClInclude Include="CSceneObject.h">
      <Filter>Scene Objects</Filter>
    </ClInclude>
    <ClInclude Include="CMeshSceneObject.h">
      <Filter>Scene Objects</Filter>
    </ClInclude>
    <ClInclude Include="CTextureLoader.h">
      <Filter>Textures</Filter>
    </ClInclude>
    <ClInclude Include="ImageLoaders\Texture.h">
      <Filter>Textures\ImageLoaders</Filter>
    </ClInclude>
    <ClInclude Include="CRenderBufferObject.h">
      <Filter>Advanced</Filter>
    </ClInclude>
    <ClInclude Include="CFrameBufferObject.h">
      <Filter>Advanced</Filter>
    </ClInclude>
    <ClInclude Include="CSceneManager.h">
      <Filter>Scene Management</Filter>
    </ClInclude>
    <ClInclude Include="SVertex.h">
      <Filter>Util</Filter>
    </ClInclude>
    <ClInclude Include="CSceneEffectManager.h">
      <Filter>Scene Management</Filter>
    </ClInclude>
    <ClInclude Include="CDeferredShadingManager.h">
      <Filter>Scene Management</Filter>
    </ClInclude>
    <ClInclude Include="CPointLightSceneObject.h">
      <Filter>Scene Objects</Filter>
    </ClInclude>
    <ClInclude Include="CDirectionalLightSceneObject.h">
      <Filter>Scene Objects</Filter>
    </ClInclude>
  </ItemGroup>
  <ItemGroup>
    <ClCompile Include="CImage.cpp">
      <Filter>Textures</Filter>
    </ClCompile>
    <ClCompile Include="CTexture.cpp">
      <Filter>Textures</Filter>
    </ClCompile>
    <ClCompile Include="CImageLoader.cpp">
      <Filter>Textures</Filter>
    </ClCompile>
    <ClCompile Include="CMesh.cpp">
      <Filter>Meshes</Filter>
    </ClCompile>
    <ClCompile Include="CMeshLoader.cpp">
      <Filter>Meshes</Filter>
    </ClCompile>
    <ClCompile Include="CShader.cpp">
      <Filter>Shaders</Filter>
    </ClCompile>
    <ClCompile Include="CShaderLoader.cpp">
      <Filter>Shaders</Filter>
    </ClCompile>
    <ClCompile Include="CShaderContext.cpp">
      <Filter>Shaders</Filter>
    </ClCompile>
    <ClCompile Include="CCamera.cpp">
      <Filter>Camera</Filter>
    </ClCompile>
    <ClCompile Include="CRenderable.cpp">
      <Filter>Scene Objects</Filter>
    </ClCompile>
    <ClCompile Include="ISceneObject.cpp">
      <Filter>Scene Objects</Filter>
    </ClCompile>
    <ClCompile Include="CMaterial.cpp">
      <Filter>Scene Objects</Filter>
    </ClCompile>
    <ClCompile Include="CSceneObject.cpp">
      <Filter>Scene Objects</Filter>
    </ClCompile>
    <ClCompile Include="CMeshSceneObject.cpp">
      <Filter>Scene Objects</Filter>
    </ClCompile>
    <ClCompile Include="ImageLoaders\Texture.cpp">
      <Filter>Textures\ImageLoaders</Filter>
    </ClCompile>
    <ClCompile Include="CRenderBufferObject.cpp">
      <Filter>Advanced</Filter>
    </ClCompile>
    <ClCompile Include="CFrameBufferObject.cpp">
      <Filter>Advanced</Filter>
    </ClCompile>
    <ClCompile Include="CSceneManager.cpp">
      <Filter>Scene Management</Filter>
    </ClCompile>
    <ClCompile Include="CSceneEffectManager.cpp">
      <Filter>Scene Management</Filter>
    </ClCompile>
    <ClCompile Include="CDeferredShadingManager.cpp">
      <Filter>Scene Management</Filter>
    </ClCompile>
    <ClCompile Include="CPointLightSceneObject.cpp">
      <Filter>Scene Objects</Filter>
    </ClCompile>
    <ClCompile Include="CDirectionalLightSceneObject.cpp">
      <Filter>Scene Objects</Filter>
    </ClCompile>
  </ItemGroup>
  <ItemGroup>
    <Filter Include="Textures">
      <UniqueIdentifier>{c63084cb-cb73-46d3-bb6c-cc7c67185afe}</UniqueIdentifier>
    </Filter>
    <Filter Include="Meshes">
      <UniqueIdentifier>{9709b287-4c3b-409a-858d-be8b07b91959}</UniqueIdentifier>
    </Filter>
    <Filter Include="Scene Objects">
      <UniqueIdentifier>{12200784-2b7a-459c-a97f-350cbcf5a528}</UniqueIdentifier>
    </Filter>
    <Filter Include="Shaders">
      <UniqueIdentifier>{1708e28c-7514-436a-aba5-5dcab6e9442f}</UniqueIdentifier>
    </Filter>
    <Filter Include="Camera">
      <UniqueIdentifier>{c1d26830-6476-405b-8d0a-3cce26f3f79b}</UniqueIdentifier>
    </Filter>
    <Filter Include="Textures\ImageLoaders">
      <UniqueIdentifier>{71a5ca5a-383b-4820-9fa4-87022bc65fc2}</UniqueIdentifier>
    </Filter>
    <Filter Include="Advanced">
      <UniqueIdentifier>{5567e89f-e7c8-44e0-a2f2-980bc96f2038}</UniqueIdentifier>
    </Filter>
    <Filter Include="Scene Management">
      <UniqueIdentifier>{8f6a38fc-9b03-423b-9056-28beaf6fe182}</UniqueIdentifier>
    </Filter>
    <Filter Include="Util">
      <UniqueIdentifier>{3f98cf25-4926-4d0e-80e9-f6042c52c4a5}</UniqueIdentifier>
    </Filter>
  </ItemGroup>
  <ItemGroup>
    <None Include="Makefile" />
  </ItemGroup>
</Project>