<?xml version="1.0" encoding="utf-8"?>
<Project ToolsVersion="4.0" xmlns="http://schemas.microsoft.com/developer/msbuild/2003">
  <ItemGroup>
    <ClInclude Include="CCollideable.h" />
    <ClInclude Include="CCollisionEngine.h" />
    <ClInclude Include="CCollisionObject.h" />
    <ClInclude Include="CCollisionActor.h" />
    <ClInclude Include="CCollisionElevator.h" />
    <ClInclude Include="CCollisionInteractor.h" />
  </ItemGroup>
  <ItemGroup>
    <ClCompile Include="CCollideable.cpp" />
    <ClCompile Include="CCollisionEngine.cpp" />
    <ClCompile Include="CCollisionObject.cpp" />
    <ClCompile Include="CCollisionActor.cpp" />
    <ClCompile Include="CCollisionElevator.cpp" />
    <ClCompile Include="CCollisionInteractor.cpp" />
    <ClCompile Include="CCollisionActor.EActionType.cpp" />
    <ClCompile Include="CCollisionActor.SAttributes.cpp" />
  </ItemGroup>
</Project>