<?xml version="1.0" encoding="utf-8"?>
<Project ToolsVersion="4.0" xmlns="http://schemas.microsoft.com/developer/msbuild/2003">
  <ItemGroup>
    <ClInclude Include="SRect2.h" />
    <ClInclude Include="SVector2.h" />
    <ClInclude Include="SVector3.h" />
    <ClInclude Include="SColor.h" />
    <ClInclude Include="Utils.h" />
    <ClInclude Include="SPosition2.h" />
    <ClInclude Include="CabbageCore.h" />
    <ClInclude Include="SLine3.h" />
    <ClInclude Include="SBoundingBox3.h" />
  </ItemGroup>
</Project>